// !$*UTF8*$!
{
	archiveVersion = 1;
	classes = {
	};
	objectVersion = 48;
	objects = {

/* Begin PBXBuildFile section */
		A03109B9203CDB7B00400910 /* AppDelegate.swift in Sources */ = {isa = PBXBuildFile; fileRef = A03109B8203CDB7B00400910 /* AppDelegate.swift */; };
		A03109BB203CDB7B00400910 /* art.scnassets in Resources */ = {isa = PBXBuildFile; fileRef = A03109BA203CDB7B00400910 /* art.scnassets */; };
		A03109BD203CDB7B00400910 /* ViewController.swift in Sources */ = {isa = PBXBuildFile; fileRef = A03109BC203CDB7B00400910 /* ViewController.swift */; };
		A03109C0203CDB7B00400910 /* Main.storyboard in Resources */ = {isa = PBXBuildFile; fileRef = A03109BE203CDB7B00400910 /* Main.storyboard */; };
		A03109C2203CDB7B00400910 /* Assets.xcassets in Resources */ = {isa = PBXBuildFile; fileRef = A03109C1203CDB7B00400910 /* Assets.xcassets */; };
		A03109C5203CDB7B00400910 /* LaunchScreen.storyboard in Resources */ = {isa = PBXBuildFile; fileRef = A03109C3203CDB7B00400910 /* LaunchScreen.storyboard */; };
/* End PBXBuildFile section */

/* Begin PBXFileReference section */
		A03109B5203CDB7B00400910 /* ARQR.app */ = {isa = PBXFileReference; explicitFileType = wrapper.application; includeInIndex = 0; path = ARQR.app; sourceTree = BUILT_PRODUCTS_DIR; };
		A03109B8203CDB7B00400910 /* AppDelegate.swift */ = {isa = PBXFileReference; lastKnownFileType = sourcecode.swift; path = AppDelegate.swift; sourceTree = "<group>"; };
		A03109BA203CDB7B00400910 /* art.scnassets */ = {isa = PBXFileReference; lastKnownFileType = wrapper.scnassets; path = art.scnassets; sourceTree = "<group>"; };
		A03109BC203CDB7B00400910 /* ViewController.swift */ = {isa = PBXFileReference; lastKnownFileType = sourcecode.swift; path = ViewController.swift; sourceTree = "<group>"; };
		A03109BF203CDB7B00400910 /* Base */ = {isa = PBXFileReference; lastKnownFileType = file.storyboard; name = Base; path = Base.lproj/Main.storyboard; sourceTree = "<group>"; };
		A03109C1203CDB7B00400910 /* Assets.xcassets */ = {isa = PBXFileReference; lastKnownFileType = folder.assetcatalog; path = Assets.xcassets; sourceTree = "<group>"; };
		A03109C4203CDB7B00400910 /* Base */ = {isa = PBXFileReference; lastKnownFileType = file.storyboard; name = Base; path = Base.lproj/LaunchScreen.storyboard; sourceTree = "<group>"; };
		A03109C6203CDB7B00400910 /* Info.plist */ = {isa = PBXFileReference; lastKnownFileType = text.plist.xml; path = Info.plist; sourceTree = "<group>"; };
/* End PBXFileReference section */

/* Begin PBXFrameworksBuildPhase section */
		A03109B2203CDB7B00400910 /* Frameworks */ = {
			isa = PBXFrameworksBuildPhase;
			buildActionMask = 2147483647;
			files = (
			);
			runOnlyForDeploymentPostprocessing = 0;
		};
/* End PBXFrameworksBuildPhase section */

/* Begin PBXGroup section */
		A03109AC203CDB7B00400910 = {
			isa = PBXGroup;
			children = (
				A03109B7203CDB7B00400910 /* ARQR */,
				A03109B6203CDB7B00400910 /* Products */,
			);
			sourceTree = "<group>";
		};
		A03109B6203CDB7B00400910 /* Products */ = {
			isa = PBXGroup;
			children = (
				A03109B5203CDB7B00400910 /* ARQR.app */,
			);
			name = Products;
			sourceTree = "<group>";
		};
		A03109B7203CDB7B00400910 /* ARQR */ = {
			isa = PBXGroup;
			children = (
				A03109B8203CDB7B00400910 /* AppDelegate.swift */,
				A03109BA203CDB7B00400910 /* art.scnassets */,
				A03109BC203CDB7B00400910 /* ViewController.swift */,
				A03109BE203CDB7B00400910 /* Main.storyboard */,
				A03109C1203CDB7B00400910 /* Assets.xcassets */,
				A03109C3203CDB7B00400910 /* LaunchScreen.storyboard */,
				A03109C6203CDB7B00400910 /* Info.plist */,
			);
			path = ARQR;
			sourceTree = "<group>";
		};
/* End PBXGroup section */

/* Begin PBXNativeTarget section */
		A03109B4203CDB7B00400910 /* ARQR */ = {
			isa = PBXNativeTarget;
			buildConfigurationList = A03109C9203CDB7B00400910 /* Build configuration list for PBXNativeTarget "ARQR" */;
			buildPhases = (
				A03109B1203CDB7B00400910 /* Sources */,
				A03109B2203CDB7B00400910 /* Frameworks */,
				A03109B3203CDB7B00400910 /* Resources */,
			);
			buildRules = (
			);
			dependencies = (
			);
			name = ARQR;
			productName = ARQR;
			productReference = A03109B5203CDB7B00400910 /* ARQR.app */;
			productType = "com.apple.product-type.application";
		};
/* End PBXNativeTarget section */

/* Begin PBXProject section */
		A03109AD203CDB7B00400910 /* Project object */ = {
			isa = PBXProject;
			attributes = {
				LastSwiftUpdateCheck = 0920;
				LastUpgradeCheck = 0920;
				ORGANIZATIONNAME = Reinvently;
				TargetAttributes = {
					A03109B4203CDB7B00400910 = {
						CreatedOnToolsVersion = 9.2;
						ProvisioningStyle = Automatic;
					};
				};
			};
			buildConfigurationList = A03109B0203CDB7B00400910 /* Build configuration list for PBXProject "ARQR" */;
			compatibilityVersion = "Xcode 8.0";
			developmentRegion = en;
			hasScannedForEncodings = 0;
			knownRegions = (
				en,
				Base,
			);
			mainGroup = A03109AC203CDB7B00400910;
			productRefGroup = A03109B6203CDB7B00400910 /* Products */;
			projectDirPath = "";
			projectRoot = "";
			targets = (
				A03109B4203CDB7B00400910 /* ARQR */,
			);
		};
/* End PBXProject section */

/* Begin PBXResourcesBuildPhase section */
		A03109B3203CDB7B00400910 /* Resources */ = {
			isa = PBXResourcesBuildPhase;
			buildActionMask = 2147483647;
			files = (
				A03109BB203CDB7B00400910 /* art.scnassets in Resources */,
				A03109C5203CDB7B00400910 /* LaunchScreen.storyboard in Resources */,
				A03109C2203CDB7B00400910 /* Assets.xcassets in Resources */,
				A03109C0203CDB7B00400910 /* Main.storyboard in Resources */,
			);
			runOnlyForDeploymentPostprocessing = 0;
		};
/* End PBXResourcesBuildPhase section */

/* Begin PBXSourcesBuildPhase section */
		A03109B1203CDB7B00400910 /* Sources */ = {
			isa = PBXSourcesBuildPhase;
			buildActionMask = 2147483647;
			files = (
				A03109BD203CDB7B00400910 /* ViewController.swift in Sources */,
				A03109B9203CDB7B00400910 /* AppDelegate.swift in Sources */,
			);
			runOnlyForDeploymentPostprocessing = 0;
		};
/* End PBXSourcesBuildPhase section */

/* Begin PBXVariantGroup section */
		A03109BE203CDB7B00400910 /* Main.storyboard */ = {
			isa = PBXVariantGroup;
			children = (
				A03109BF203CDB7B00400910 /* Base */,
			);
			name = Main.storyboard;
			sourceTree = "<group>";
		};
		A03109C3203CDB7B00400910 /* LaunchScreen.storyboard */ = {
			isa = PBXVariantGroup;
			children = (
				A03109C4203CDB7B00400910 /* Base */,
			);
			name = LaunchScreen.storyboard;
			sourceTree = "<group>";
		};
/* End PBXVariantGroup section */

/* Begin XCBuildConfiguration section */
		A03109C7203CDB7B00400910 /* Debug */ = {
			isa = XCBuildConfiguration;
			buildSettings = {
				ALWAYS_SEARCH_USER_PATHS = NO;
				CLANG_ANALYZER_NONNULL = YES;
				CLANG_ANALYZER_NUMBER_OBJECT_CONVERSION = YES_AGGRESSIVE;
				CLANG_CXX_LANGUAGE_STANDARD = "gnu++14";
				CLANG_CXX_LIBRARY = "libc++";
				CLANG_ENABLE_MODULES = YES;
				CLANG_ENABLE_OBJC_ARC = YES;
				CLANG_WARN_BLOCK_CAPTURE_AUTORELEASING = YES;
				CLANG_WARN_BOOL_CONVERSION = YES;
				CLANG_WARN_COMMA = YES;
				CLANG_WARN_CONSTANT_CONVERSION = YES;
				CLANG_WARN_DIRECT_OBJC_ISA_USAGE = YES_ERROR;
				CLANG_WARN_DOCUMENTATION_COMMENTS = YES;
				CLANG_WARN_EMPTY_BODY = YES;
				CLANG_WARN_ENUM_CONVERSION = YES;
				CLANG_WARN_INFINITE_RECURSION = YES;
				CLANG_WARN_INT_CONVERSION = YES;
				CLANG_WARN_NON_LITERAL_NULL_CONVERSION = YES;
				CLANG_WARN_OBJC_LITERAL_CONVERSION = YES;
				CLANG_WARN_OBJC_ROOT_CLASS = YES_ERROR;
				CLANG_WARN_RANGE_LOOP_ANALYSIS = YES;
				CLANG_WARN_STRICT_PROTOTYPES = YES;
				CLANG_WARN_SUSPICIOUS_MOVE = YES;
				CLANG_WARN_UNGUARDED_AVAILABILITY = YES_AGGRESSIVE;
				CLANG_WARN_UNREACHABLE_CODE = YES;
				CLANG_WARN__DUPLICATE_METHOD_MATCH = YES;
				CODE_SIGN_IDENTITY = "iPhone Developer";
				COPY_PHASE_STRIP = NO;
				DEBUG_INFORMATION_FORMAT = dwarf;
				ENABLE_STRICT_OBJC_MSGSEND = YES;
				ENABLE_TESTABILITY = YES;
				GCC_C_LANGUAGE_STANDARD = gnu11;
				GCC_DYNAMIC_NO_PIC = NO;
				GCC_NO_COMMON_BLOCKS = YES;
				GCC_OPTIMIZATION_LEVEL = 0;
				GCC_PREPROCESSOR_DEFINITIONS = (
					"DEBUG=1",
					"$(inherited)",
				);
				GCC_WARN_64_TO_32_BIT_CONVERSION = YES;
				GCC_WARN_ABOUT_RETURN_TYPE = YES_ERROR;
				GCC_WARN_UNDECLARED_SELECTOR = YES;
				GCC_WARN_UNINITIALIZED_AUTOS = YES_AGGRESSIVE;
				GCC_WARN_UNUSED_FUNCTION = YES;
				GCC_WARN_UNUSED_VARIABLE = YES;
				IPHONEOS_DEPLOYMENT_TARGET = 11.2;
				MTL_ENABLE_DEBUG_INFO = YES;
				ONLY_ACTIVE_ARCH = YES;
				SDKROOT = iphoneos;
				SWIFT_ACTIVE_COMPILATION_CONDITIONS = DEBUG;
				SWIFT_OPTIMIZATION_LEVEL = "-Onone";
			};
			name = Debug;
		};
		A03109C8203CDB7B00400910 /* Release */ = {
			isa = XCBuildConfiguration;
			buildSettings = {
				ALWAYS_SEARCH_USER_PATHS = NO;
				CLANG_ANALYZER_NONNULL = YES;
				CLANG_ANALYZER_NUMBER_OBJECT_CONVERSION = YES_AGGRESSIVE;
				CLANG_CXX_LANGUAGE_STANDARD = "gnu++14";
				CLANG_CXX_LIBRARY = "libc++";
				CLANG_ENABLE_MODULES = YES;
				CLANG_ENABLE_OBJC_ARC = YES;
				CLANG_WARN_BLOCK_CAPTURE_AUTORELEASING = YES;
				CLANG_WARN_BOOL_CONVERSION = YES;
				CLANG_WARN_COMMA = YES;
				CLANG_WARN_CONSTANT_CONVERSION = YES;
				CLANG_WARN_DIRECT_OBJC_ISA_USAGE = YES_ERROR;
				CLANG_WARN_DOCUMENTATION_COMMENTS = YES;
				CLANG_WARN_EMPTY_BODY = YES;
				CLANG_WARN_ENUM_CONVERSION = YES;
				CLANG_WARN_INFINITE_RECURSION = YES;
				CLANG_WARN_INT_CONVERSION = YES;
				CLANG_WARN_NON_LITERAL_NULL_CONVERSION = YES;
				CLANG_WARN_OBJC_LITERAL_CONVERSION = YES;
				CLANG_WARN_OBJC_ROOT_CLASS = YES_ERROR;
				CLANG_WARN_RANGE_LOOP_ANALYSIS = YES;
				CLANG_WARN_STRICT_PROTOTYPES = YES;
				CLANG_WARN_SUSPICIOUS_MOVE = YES;
				CLANG_WARN_UNGUARDED_AVAILABILITY = YES_AGGRESSIVE;
				CLANG_WARN_UNREACHABLE_CODE = YES;
				CLANG_WARN__DUPLICATE_METHOD_MATCH = YES;
				CODE_SIGN_IDENTITY = "iPhone Developer";
				COPY_PHASE_STRIP = NO;
				DEBUG_INFORMATION_FORMAT = "dwarf-with-dsym";
				ENABLE_NS_ASSERTIONS = NO;
				ENABLE_STRICT_OBJC_MSGSEND = YES;
				GCC_C_LANGUAGE_STANDARD = gnu11;
				GCC_NO_COMMON_BLOCKS = YES;
				GCC_WARN_64_TO_32_BIT_CONVERSION = YES;
				GCC_WARN_ABOUT_RETURN_TYPE = YES_ERROR;
				GCC_WARN_UNDECLARED_SELECTOR = YES;
				GCC_WARN_UNINITIALIZED_AUTOS = YES_AGGRESSIVE;
				GCC_WARN_UNUSED_FUNCTION = YES;
				GCC_WARN_UNUSED_VARIABLE = YES;
				IPHONEOS_DEPLOYMENT_TARGET = 11.2;
				MTL_ENABLE_DEBUG_INFO = NO;
				SDKROOT = iphoneos;
				SWIFT_OPTIMIZATION_LEVEL = "-Owholemodule";
				VALIDATE_PRODUCT = YES;
			};
			name = Release;
		};
		A03109CA203CDB7B00400910 /* Debug */ = {
			isa = XCBuildConfiguration;
			buildSettings = {
				ASSETCATALOG_COMPILER_APPICON_NAME = AppIcon;
				CODE_SIGN_STYLE = Automatic;
				DEVELOPMENT_TEAM = 9K285RPTK7;
				INFOPLIST_FILE = ARQR/Info.plist;
				LD_RUNPATH_SEARCH_PATHS = "$(inherited) @executable_path/Frameworks";
				PRODUCT_BUNDLE_IDENTIFIER = com.aboyko.ARQR;
				PRODUCT_NAME = "$(TARGET_NAME)";
				SWIFT_VERSION = 4.0;
				TARGETED_DEVICE_FAMILY = "1,2";
			};
			name = Debug;
		};
		A03109CB203CDB7B00400910 /* Release */ = {
			isa = XCBuildConfiguration;
			buildSettings = {
				ASSETCATALOG_COMPILER_APPICON_NAME = AppIcon;
				CODE_SIGN_STYLE = Automatic;
				DEVELOPMENT_TEAM = 9K285RPTK7;
				INFOPLIST_FILE = ARQR/Info.plist;
				LD_RUNPATH_SEARCH_PATHS = "$(inherited) @executable_path/Frameworks";
				PRODUCT_BUNDLE_IDENTIFIER = com.aboyko.ARQR;
				PRODUCT_NAME = "$(TARGET_NAME)";
				SWIFT_VERSION = 4.0;
				TARGETED_DEVICE_FAMILY = "1,2";
			};
			name = Release;
		};
/* End XCBuildConfiguration section */

/* Begin XCConfigurationList section */
		A03109B0203CDB7B00400910 /* Build configuration list for PBXProject "ARQR" */ = {
			isa = XCConfigurationList;
			buildConfigurations = (
				A03109C7203CDB7B00400910 /* Debug */,
				A03109C8203CDB7B00400910 /* Release */,
			);
			defaultConfigurationIsVisible = 0;
			defaultConfigurationName = Release;
		};
		A03109C9203CDB7B00400910 /* Build configuration list for PBXNativeTarget "ARQR" */ = {
			isa = XCConfigurationList;
			buildConfigurations = (
				A03109CA203CDB7B00400910 /* Debug */,
				A03109CB203CDB7B00400910 /* Release */,
			);
			defaultConfigurationIsVisible = 0;
			defaultConfigurationName = Release;
		};
/* End XCConfigurationList section */
	};
	rootObject = A03109AD203CDB7B00400910 /* Project object */;
}
